
Microsoft Visual Studio Solution File, Format Version 12.00
# Visual Studio Version 16
VisualStudioVersion = 16.0.31624.102
MinimumVisualStudioVersion = 10.0.40219.1
Project("{9A19103F-16F7-4668-BE54-9A1E7A4F7556}") = "ElephantsWithMachineGuns", "ElaphantsWithMachineGuns\ElephantsWithMachineGuns.csproj", "{9BAADBC1-9883-4424-AD0E-30933B03BA93}"
EndProject
Global
	GlobalSection(SolutionConfigurationPlatforms) = preSolution
		Debug|Any CPU = Debug|Any CPU
		Release|Any CPU = Release|Any CPU
	EndGlobalSection
	GlobalSection(ProjectConfigurationPlatforms) = postSolution
		{9BAADBC1-9883-4424-AD0E-30933B03BA93}.Debug|Any CPU.ActiveCfg = Debug|Any CPU
		{9BAADBC1-9883-4424-AD0E-30933B03BA93}.Debug|Any CPU.Build.0 = Debug|Any CPU
		{9BAADBC1-9883-4424-AD0E-30933B03BA93}.Release|Any CPU.ActiveCfg = Release|Any CPU
		{9BAADBC1-9883-4424-AD0E-30933B03BA93}.Release|Any CPU.Build.0 = Release|Any CPU
	EndGlobalSection
	GlobalSection(SolutionProperties) = preSolution
		HideSolutionNode = FALSE
	EndGlobalSection
	GlobalSection(ExtensibilityGlobals) = postSolution
		SolutionGuid = {CCEA1735-2564-4447-B0A1-DC311F31A9A0}
	EndGlobalSection
EndGlobal
